
Microsoft Visual Studio Solution File, Format Version 12.00
# Visual Studio Version 16
VisualStudioVersion = 16.0.32802.440
MinimumVisualStudioVersion = 10.0.40219.1
Project("{FAE04EC0-301F-11D3-BF4B-00C04F79EFBC}") = "DojoStudentManagement", "DojoStudentManagement.csproj", "{894172C0-3190-4118-91CC-C94BD18C2571}"
EndProject
Project("{FAE04EC0-301F-11D3-BF4B-00C04F79EFBC}") = "DojoStudentManagementTests", "..\StudentManagementTests\DojoStudentManagementTests.csproj", "{F6DA29EB-D576-4C17-85DA-082AE7CFF275}"
EndProject
Global
	GlobalSection(SolutionConfigurationPlatforms) = preSolution
		Debug|Any CPU = Debug|Any CPU
		Release|Any CPU = Release|Any CPU
	EndGlobalSection
	GlobalSection(ProjectConfigurationPlatforms) = postSolution
		{894172C0-3190-4118-91CC-C94BD18C2571}.Debug|Any CPU.ActiveCfg = Debug|Any CPU
		{894172C0-3190-4118-91CC-C94BD18C2571}.Debug|Any CPU.Build.0 = Debug|Any CPU
		{894172C0-3190-4118-91CC-C94BD18C2571}.Release|Any CPU.ActiveCfg = Release|Any CPU
		{894172C0-3190-4118-91CC-C94BD18C2571}.Release|Any CPU.Build.0 = Release|Any CPU
		{F6DA29EB-D576-4C17-85DA-082AE7CFF275}.Debug|Any CPU.ActiveCfg = Debug|Any CPU
		{F6DA29EB-D576-4C17-85DA-082AE7CFF275}.Debug|Any CPU.Build.0 = Debug|Any CPU
		{F6DA29EB-D576-4C17-85DA-082AE7CFF275}.Release|Any CPU.ActiveCfg = Release|Any CPU
		{F6DA29EB-D576-4C17-85DA-082AE7CFF275}.Release|Any CPU.Build.0 = Release|Any CPU
	EndGlobalSection
	GlobalSection(SolutionProperties) = preSolution
		HideSolutionNode = FALSE
	EndGlobalSection
	GlobalSection(ExtensibilityGlobals) = postSolution
		SolutionGuid = {723CD879-C505-4F49-951D-54BB76C16DAD}
	EndGlobalSection
EndGlobal
